
Microsoft Visual Studio Solution File, Format Version 12.00
# Visual Studio Version 16
VisualStudioVersion = 16.0.30011.22
MinimumVisualStudioVersion = 10.0.40219.1
Project("{FAE04EC0-301F-11D3-BF4B-00C04F79EFBC}") = "Bytebank", "Bytebank.csproj", "{FE29312C-3914-426F-90A2-7A4E6D0D3FF9}"
EndProject
Global
	GlobalSection(SolutionConfigurationPlatforms) = preSolution
		Debug|Any CPU = Debug|Any CPU
		Release|Any CPU = Release|Any CPU
	EndGlobalSection
	GlobalSection(ProjectConfigurationPlatforms) = postSolution
		{FE29312C-3914-426F-90A2-7A4E6D0D3FF9}.Debug|Any CPU.ActiveCfg = Debug|Any CPU
		{FE29312C-3914-426F-90A2-7A4E6D0D3FF9}.Debug|Any CPU.Build.0 = Debug|Any CPU
		{FE29312C-3914-426F-90A2-7A4E6D0D3FF9}.Release|Any CPU.ActiveCfg = Release|Any CPU
		{FE29312C-3914-426F-90A2-7A4E6D0D3FF9}.Release|Any CPU.Build.0 = Release|Any CPU
	EndGlobalSection
	GlobalSection(SolutionProperties) = preSolution
		HideSolutionNode = FALSE
	EndGlobalSection
	GlobalSection(ExtensibilityGlobals) = postSolution
		SolutionGuid = {FFCE6F38-4323-4E59-92FE-74C578A38E49}
	EndGlobalSection
EndGlobal
